// !$*UTF8*$!
{
	archiveVersion = 1;
	classes = {
	};
	objectVersion = 55;
	objects = {

/* Begin PBXBuildFile section */
		F5C2827A28B43EF8008B1007 /* AppDelegate.swift in Sources */ = {isa = PBXBuildFile; fileRef = F5C2827928B43EF8008B1007 /* AppDelegate.swift */; };
		F5C2827C28B43EF8008B1007 /* SceneDelegate.swift in Sources */ = {isa = PBXBuildFile; fileRef = F5C2827B28B43EF8008B1007 /* SceneDelegate.swift */; };
		F5C2827E28B43EF8008B1007 /* ViewController.swift in Sources */ = {isa = PBXBuildFile; fileRef = F5C2827D28B43EF8008B1007 /* ViewController.swift */; };
		F5C2828128B43EF8008B1007 /* Main.storyboard in Resources */ = {isa = PBXBuildFile; fileRef = F5C2827F28B43EF8008B1007 /* Main.storyboard */; };
		F5C2828328B43EFE008B1007 /* Assets.xcassets in Resources */ = {isa = PBXBuildFile; fileRef = F5C2828228B43EFE008B1007 /* Assets.xcassets */; };
		F5C2828628B43EFE008B1007 /* LaunchScreen.storyboard in Resources */ = {isa = PBXBuildFile; fileRef = F5C2828428B43EFE008B1007 /* LaunchScreen.storyboard */; };
		F5C2829128B43EFF008B1007 /* Tip_CalculatorTests.swift in Sources */ = {isa = PBXBuildFile; fileRef = F5C2829028B43EFF008B1007 /* Tip_CalculatorTests.swift */; };
		F5C2829B28B43EFF008B1007 /* Tip_CalculatorUITests.swift in Sources */ = {isa = PBXBuildFile; fileRef = F5C2829A28B43EFF008B1007 /* Tip_CalculatorUITests.swift */; };
		F5C2829D28B43EFF008B1007 /* Tip_CalculatorUITestsLaunchTests.swift in Sources */ = {isa = PBXBuildFile; fileRef = F5C2829C28B43EFF008B1007 /* Tip_CalculatorUITestsLaunchTests.swift */; };
/* End PBXBuildFile section */

/* Begin PBXContainerItemProxy section */
		F5C2828D28B43EFF008B1007 /* PBXContainerItemProxy */ = {
			isa = PBXContainerItemProxy;
			containerPortal = F5C2826E28B43EF7008B1007 /* Project object */;
			proxyType = 1;
			remoteGlobalIDString = F5C2827528B43EF8008B1007;
			remoteInfo = "Tip Calculator";
		};
		F5C2829728B43EFF008B1007 /* PBXContainerItemProxy */ = {
			isa = PBXContainerItemProxy;
			containerPortal = F5C2826E28B43EF7008B1007 /* Project object */;
			proxyType = 1;
			remoteGlobalIDString = F5C2827528B43EF8008B1007;
			remoteInfo = "Tip Calculator";
		};
/* End PBXContainerItemProxy section */

/* Begin PBXFileReference section */
		F5C2827628B43EF8008B1007 /* Tip Calculator.app */ = {isa = PBXFileReference; explicitFileType = wrapper.application; includeInIndex = 0; path = "Tip Calculator.app"; sourceTree = BUILT_PRODUCTS_DIR; };
		F5C2827928B43EF8008B1007 /* AppDelegate.swift */ = {isa = PBXFileReference; lastKnownFileType = sourcecode.swift; path = AppDelegate.swift; sourceTree = "<group>"; };
		F5C2827B28B43EF8008B1007 /* SceneDelegate.swift */ = {isa = PBXFileReference; lastKnownFileType = sourcecode.swift; path = SceneDelegate.swift; sourceTree = "<group>"; };
		F5C2827D28B43EF8008B1007 /* ViewController.swift */ = {isa = PBXFileReference; lastKnownFileType = sourcecode.swift; path = ViewController.swift; sourceTree = "<group>"; };
		F5C2828028B43EF8008B1007 /* Base */ = {isa = PBXFileReference; lastKnownFileType = file.storyboard; name = Base; path = Base.lproj/Main.storyboard; sourceTree = "<group>"; };
		F5C2828228B43EFE008B1007 /* Assets.xcassets */ = {isa = PBXFileReference; lastKnownFileType = folder.assetcatalog; path = Assets.xcassets; sourceTree = "<group>"; };
		F5C2828528B43EFE008B1007 /* Base */ = {isa = PBXFileReference; lastKnownFileType = file.storyboard; name = Base; path = Base.lproj/LaunchScreen.storyboard; sourceTree = "<group>"; };
		F5C2828728B43EFE008B1007 /* Info.plist */ = {isa = PBXFileReference; lastKnownFileType = text.plist.xml; path = Info.plist; sourceTree = "<group>"; };
		F5C2828C28B43EFF008B1007 /* Tip CalculatorTests.xctest */ = {isa = PBXFileReference; explicitFileType = wrapper.cfbundle; includeInIndex = 0; path = "Tip CalculatorTests.xctest"; sourceTree = BUILT_PRODUCTS_DIR; };
		F5C2829028B43EFF008B1007 /* Tip_CalculatorTests.swift */ = {isa = PBXFileReference; lastKnownFileType = sourcecode.swift; path = Tip_CalculatorTests.swift; sourceTree = "<group>"; };
		F5C2829628B43EFF008B1007 /* Tip CalculatorUITests.xctest */ = {isa = PBXFileReference; explicitFileType = wrapper.cfbundle; includeInIndex = 0; path = "Tip CalculatorUITests.xctest"; sourceTree = BUILT_PRODUCTS_DIR; };
		F5C2829A28B43EFF008B1007 /* Tip_CalculatorUITests.swift */ = {isa = PBXFileReference; lastKnownFileType = sourcecode.swift; path = Tip_CalculatorUITests.swift; sourceTree = "<group>"; };
		F5C2829C28B43EFF008B1007 /* Tip_CalculatorUITestsLaunchTests.swift */ = {isa = PBXFileReference; lastKnownFileType = sourcecode.swift; path = Tip_CalculatorUITestsLaunchTests.swift; sourceTree = "<group>"; };
/* End PBXFileReference section */

/* Begin PBXFrameworksBuildPhase section */
		F5C2827328B43EF8008B1007 /* Frameworks */ = {
			isa = PBXFrameworksBuildPhase;
			buildActionMask = 2147483647;
			files = (
			);
			runOnlyForDeploymentPostprocessing = 0;
		};
		F5C2828928B43EFF008B1007 /* Frameworks */ = {
			isa = PBXFrameworksBuildPhase;
			buildActionMask = 2147483647;
			files = (
			);
			runOnlyForDeploymentPostprocessing = 0;
		};
		F5C2829328B43EFF008B1007 /* Frameworks */ = {
			isa = PBXFrameworksBuildPhase;
			buildActionMask = 2147483647;
			files = (
			);
			runOnlyForDeploymentPostprocessing = 0;
		};
/* End PBXFrameworksBuildPhase section */

/* Begin PBXGroup section */
		F5C2826D28B43EF7008B1007 = {
			isa = PBXGroup;
			children = (
				F5C2827828B43EF8008B1007 /* Tip Calculator */,
				F5C2828F28B43EFF008B1007 /* Tip CalculatorTests */,
				F5C2829928B43EFF008B1007 /* Tip CalculatorUITests */,
				F5C2827728B43EF8008B1007 /* Products */,
			);
			sourceTree = "<group>";
		};
		F5C2827728B43EF8008B1007 /* Products */ = {
			isa = PBXGroup;
			children = (
				F5C2827628B43EF8008B1007 /* Tip Calculator.app */,
				F5C2828C28B43EFF008B1007 /* Tip CalculatorTests.xctest */,
				F5C2829628B43EFF008B1007 /* Tip CalculatorUITests.xctest */,
			);
			name = Products;
			sourceTree = "<group>";
		};
		F5C2827828B43EF8008B1007 /* Tip Calculator */ = {
			isa = PBXGroup;
			children = (
				F5C2827928B43EF8008B1007 /* AppDelegate.swift */,
				F5C2827B28B43EF8008B1007 /* SceneDelegate.swift */,
				F5C2827D28B43EF8008B1007 /* ViewController.swift */,
				F5C2827F28B43EF8008B1007 /* Main.storyboard */,
				F5C2828228B43EFE008B1007 /* Assets.xcassets */,
				F5C2828428B43EFE008B1007 /* LaunchScreen.storyboard */,
				F5C2828728B43EFE008B1007 /* Info.plist */,
			);
			path = "Tip Calculator";
			sourceTree = "<group>";
		};
		F5C2828F28B43EFF008B1007 /* Tip CalculatorTests */ = {
			isa = PBXGroup;
			children = (
				F5C2829028B43EFF008B1007 /* Tip_CalculatorTests.swift */,
			);
			path = "Tip CalculatorTests";
			sourceTree = "<group>";
		};
		F5C2829928B43EFF008B1007 /* Tip CalculatorUITests */ = {
			isa = PBXGroup;
			children = (
				F5C2829A28B43EFF008B1007 /* Tip_CalculatorUITests.swift */,
				F5C2829C28B43EFF008B1007 /* Tip_CalculatorUITestsLaunchTests.swift */,
			);
			path = "Tip CalculatorUITests";
			sourceTree = "<group>";
		};
/* End PBXGroup section */

/* Begin PBXNativeTarget section */
		F5C2827528B43EF8008B1007 /* Tip Calculator */ = {
			isa = PBXNativeTarget;
			buildConfigurationList = F5C282A028B43EFF008B1007 /* Build configuration list for PBXNativeTarget "Tip Calculator" */;
			buildPhases = (
				F5C2827228B43EF8008B1007 /* Sources */,
				F5C2827328B43EF8008B1007 /* Frameworks */,
				F5C2827428B43EF8008B1007 /* Resources */,
			);
			buildRules = (
			);
			dependencies = (
			);
			name = "Tip Calculator";
			productName = "Tip Calculator";
			productReference = F5C2827628B43EF8008B1007 /* Tip Calculator.app */;
			productType = "com.apple.product-type.application";
		};
		F5C2828B28B43EFF008B1007 /* Tip CalculatorTests */ = {
			isa = PBXNativeTarget;
			buildConfigurationList = F5C282A328B43EFF008B1007 /* Build configuration list for PBXNativeTarget "Tip CalculatorTests" */;
			buildPhases = (
				F5C2828828B43EFF008B1007 /* Sources */,
				F5C2828928B43EFF008B1007 /* Frameworks */,
				F5C2828A28B43EFF008B1007 /* Resources */,
			);
			buildRules = (
			);
			dependencies = (
				F5C2828E28B43EFF008B1007 /* PBXTargetDependency */,
			);
			name = "Tip CalculatorTests";
			productName = "Tip CalculatorTests";
			productReference = F5C2828C28B43EFF008B1007 /* Tip CalculatorTests.xctest */;
			productType = "com.apple.product-type.bundle.unit-test";
		};
		F5C2829528B43EFF008B1007 /* Tip CalculatorUITests */ = {
			isa = PBXNativeTarget;
			buildConfigurationList = F5C282A628B43EFF008B1007 /* Build configuration list for PBXNativeTarget "Tip CalculatorUITests" */;
			buildPhases = (
				F5C2829228B43EFF008B1007 /* Sources */,
				F5C2829328B43EFF008B1007 /* Frameworks */,
				F5C2829428B43EFF008B1007 /* Resources */,
			);
			buildRules = (
			);
			dependencies = (
				F5C2829828B43EFF008B1007 /* PBXTargetDependency */,
			);
			name = "Tip CalculatorUITests";
			productName = "Tip CalculatorUITests";
			productReference = F5C2829628B43EFF008B1007 /* Tip CalculatorUITests.xctest */;
			productType = "com.apple.product-type.bundle.ui-testing";
		};
/* End PBXNativeTarget section */

/* Begin PBXProject section */
		F5C2826E28B43EF7008B1007 /* Project object */ = {
			isa = PBXProject;
			attributes = {
				BuildIndependentTargetsInParallel = 1;
				LastSwiftUpdateCheck = 1340;
				LastUpgradeCheck = 1340;
				TargetAttributes = {
					F5C2827528B43EF8008B1007 = {
						CreatedOnToolsVersion = 13.4.1;
					};
					F5C2828B28B43EFF008B1007 = {
						CreatedOnToolsVersion = 13.4.1;
						TestTargetID = F5C2827528B43EF8008B1007;
					};
					F5C2829528B43EFF008B1007 = {
						CreatedOnToolsVersion = 13.4.1;
						TestTargetID = F5C2827528B43EF8008B1007;
					};
				};
			};
			buildConfigurationList = F5C2827128B43EF7008B1007 /* Build configuration list for PBXProject "Tip Calculator" */;
			compatibilityVersion = "Xcode 13.0";
			developmentRegion = en;
			hasScannedForEncodings = 0;
			knownRegions = (
				en,
				Base,
			);
			mainGroup = F5C2826D28B43EF7008B1007;
			productRefGroup = F5C2827728B43EF8008B1007 /* Products */;
			projectDirPath = "";
			projectRoot = "";
			targets = (
				F5C2827528B43EF8008B1007 /* Tip Calculator */,
				F5C2828B28B43EFF008B1007 /* Tip CalculatorTests */,
				F5C2829528B43EFF008B1007 /* Tip CalculatorUITests */,
			);
		};
/* End PBXProject section */

/* Begin PBXResourcesBuildPhase section */
		F5C2827428B43EF8008B1007 /* Resources */ = {
			isa = PBXResourcesBuildPhase;
			buildActionMask = 2147483647;
			files = (
				F5C2828628B43EFE008B1007 /* LaunchScreen.storyboard in Resources */,
				F5C2828328B43EFE008B1007 /* Assets.xcassets in Resources */,
				F5C2828128B43EF8008B1007 /* Main.storyboard in Resources */,
			);
			runOnlyForDeploymentPostprocessing = 0;
		};
		F5C2828A28B43EFF008B1007 /* Resources */ = {
			isa = PBXResourcesBuildPhase;
			buildActionMask = 2147483647;
			files = (
			);
			runOnlyForDeploymentPostprocessing = 0;
		};
		F5C2829428B43EFF008B1007 /* Resources */ = {
			isa = PBXResourcesBuildPhase;
			buildActionMask = 2147483647;
			files = (
			);
			runOnlyForDeploymentPostprocessing = 0;
		};
/* End PBXResourcesBuildPhase section */

/* Begin PBXSourcesBuildPhase section */
		F5C2827228B43EF8008B1007 /* Sources */ = {
			isa = PBXSourcesBuildPhase;
			buildActionMask = 2147483647;
			files = (
				F5C2827E28B43EF8008B1007 /* ViewController.swift in Sources */,
				F5C2827A28B43EF8008B1007 /* AppDelegate.swift in Sources */,
				F5C2827C28B43EF8008B1007 /* SceneDelegate.swift in Sources */,
			);
			runOnlyForDeploymentPostprocessing = 0;
		};
		F5C2828828B43EFF008B1007 /* Sources */ = {
			isa = PBXSourcesBuildPhase;
			buildActionMask = 2147483647;
			files = (
				F5C2829128B43EFF008B1007 /* Tip_CalculatorTests.swift in Sources */,
			);
			runOnlyForDeploymentPostprocessing = 0;
		};
		F5C2829228B43EFF008B1007 /* Sources */ = {
			isa = PBXSourcesBuildPhase;
			buildActionMask = 2147483647;
			files = (
				F5C2829D28B43EFF008B1007 /* Tip_CalculatorUITestsLaunchTests.swift in Sources */,
				F5C2829B28B43EFF008B1007 /* Tip_CalculatorUITests.swift in Sources */,
			);
			runOnlyForDeploymentPostprocessing = 0;
		};
/* End PBXSourcesBuildPhase section */

/* Begin PBXTargetDependency section */
		F5C2828E28B43EFF008B1007 /* PBXTargetDependency */ = {
			isa = PBXTargetDependency;
			target = F5C2827528B43EF8008B1007 /* Tip Calculator */;
			targetProxy = F5C2828D28B43EFF008B1007 /* PBXContainerItemProxy */;
		};
		F5C2829828B43EFF008B1007 /* PBXTargetDependency */ = {
			isa = PBXTargetDependency;
			target = F5C2827528B43EF8008B1007 /* Tip Calculator */;
			targetProxy = F5C2829728B43EFF008B1007 /* PBXContainerItemProxy */;
		};
/* End PBXTargetDependency section */

/* Begin PBXVariantGroup section */
		F5C2827F28B43EF8008B1007 /* Main.storyboard */ = {
			isa = PBXVariantGroup;
			children = (
				F5C2828028B43EF8008B1007 /* Base */,
			);
			name = Main.storyboard;
			sourceTree = "<group>";
		};
		F5C2828428B43EFE008B1007 /* LaunchScreen.storyboard */ = {
			isa = PBXVariantGroup;
			children = (
				F5C2828528B43EFE008B1007 /* Base */,
			);
			name = LaunchScreen.storyboard;
			sourceTree = "<group>";
		};
/* End PBXVariantGroup section */

/* Begin XCBuildConfiguration section */
		F5C2829E28B43EFF008B1007 /* Debug */ = {
			isa = XCBuildConfiguration;
			buildSettings = {
				ALWAYS_SEARCH_USER_PATHS = NO;
				CLANG_ANALYZER_NONNULL = YES;
				CLANG_ANALYZER_NUMBER_OBJECT_CONVERSION = YES_AGGRESSIVE;
				CLANG_CXX_LANGUAGE_STANDARD = "gnu++17";
				CLANG_ENABLE_MODULES = YES;
				CLANG_ENABLE_OBJC_ARC = YES;
				CLANG_ENABLE_OBJC_WEAK = YES;
				CLANG_WARN_BLOCK_CAPTURE_AUTORELEASING = YES;
				CLANG_WARN_BOOL_CONVERSION = YES;
				CLANG_WARN_COMMA = YES;
				CLANG_WARN_CONSTANT_CONVERSION = YES;
				CLANG_WARN_DEPRECATED_OBJC_IMPLEMENTATIONS = YES;
				CLANG_WARN_DIRECT_OBJC_ISA_USAGE = YES_ERROR;
				CLANG_WARN_DOCUMENTATION_COMMENTS = YES;
				CLANG_WARN_EMPTY_BODY = YES;
				CLANG_WARN_ENUM_CONVERSION = YES;
				CLANG_WARN_INFINITE_RECURSION = YES;
				CLANG_WARN_INT_CONVERSION = YES;
				CLANG_WARN_NON_LITERAL_NULL_CONVERSION = YES;
				CLANG_WARN_OBJC_IMPLICIT_RETAIN_SELF = YES;
				CLANG_WARN_OBJC_LITERAL_CONVERSION = YES;
				CLANG_WARN_OBJC_ROOT_CLASS = YES_ERROR;
				CLANG_WARN_QUOTED_INCLUDE_IN_FRAMEWORK_HEADER = YES;
				CLANG_WARN_RANGE_LOOP_ANALYSIS = YES;
				CLANG_WARN_STRICT_PROTOTYPES = YES;
				CLANG_WARN_SUSPICIOUS_MOVE = YES;
				CLANG_WARN_UNGUARDED_AVAILABILITY = YES_AGGRESSIVE;
				CLANG_WARN_UNREACHABLE_CODE = YES;
				CLANG_WARN__DUPLICATE_METHOD_MATCH = YES;
				COPY_PHASE_STRIP = NO;
				DEBUG_INFORMATION_FORMAT = dwarf;
				ENABLE_STRICT_OBJC_MSGSEND = YES;
				ENABLE_TESTABILITY = YES;
				GCC_C_LANGUAGE_STANDARD = gnu11;
				GCC_DYNAMIC_NO_PIC = NO;
				GCC_NO_COMMON_BLOCKS = YES;
				GCC_OPTIMIZATION_LEVEL = 0;
				GCC_PREPROCESSOR_DEFINITIONS = (
					"DEBUG=1",
					"$(inherited)",
				);
				GCC_WARN_64_TO_32_BIT_CONVERSION = YES;
				GCC_WARN_ABOUT_RETURN_TYPE = YES_ERROR;
				GCC_WARN_UNDECLARED_SELECTOR = YES;
				GCC_WARN_UNINITIALIZED_AUTOS = YES_AGGRESSIVE;
				GCC_WARN_UNUSED_FUNCTION = YES;
				GCC_WARN_UNUSED_VARIABLE = YES;
				IPHONEOS_DEPLOYMENT_TARGET = 15.5;
				MTL_ENABLE_DEBUG_INFO = INCLUDE_SOURCE;
				MTL_FAST_MATH = YES;
				ONLY_ACTIVE_ARCH = YES;
				SDKROOT = iphoneos;
				SWIFT_ACTIVE_COMPILATION_CONDITIONS = DEBUG;
				SWIFT_OPTIMIZATION_LEVEL = "-Onone";
			};
			name = Debug;
		};
		F5C2829F28B43EFF008B1007 /* Release */ = {
			isa = XCBuildConfiguration;
			buildSettings = {
				ALWAYS_SEARCH_USER_PATHS = NO;
				CLANG_ANALYZER_NONNULL = YES;
				CLANG_ANALYZER_NUMBER_OBJECT_CONVERSION = YES_AGGRESSIVE;
				CLANG_CXX_LANGUAGE_STANDARD = "gnu++17";
				CLANG_ENABLE_MODULES = YES;
				CLANG_ENABLE_OBJC_ARC = YES;
				CLANG_ENABLE_OBJC_WEAK = YES;
				CLANG_WARN_BLOCK_CAPTURE_AUTORELEASING = YES;
				CLANG_WARN_BOOL_CONVERSION = YES;
				CLANG_WARN_COMMA = YES;
				CLANG_WARN_CONSTANT_CONVERSION = YES;
				CLANG_WARN_DEPRECATED_OBJC_IMPLEMENTATIONS = YES;
				CLANG_WARN_DIRECT_OBJC_ISA_USAGE = YES_ERROR;
				CLANG_WARN_DOCUMENTATION_COMMENTS = YES;
				CLANG_WARN_EMPTY_BODY = YES;
				CLANG_WARN_ENUM_CONVERSION = YES;
				CLANG_WARN_INFINITE_RECURSION = YES;
				CLANG_WARN_INT_CONVERSION = YES;
				CLANG_WARN_NON_LITERAL_NULL_CONVERSION = YES;
				CLANG_WARN_OBJC_IMPLICIT_RETAIN_SELF = YES;
				CLANG_WARN_OBJC_LITERAL_CONVERSION = YES;
				CLANG_WARN_OBJC_ROOT_CLASS = YES_ERROR;
				CLANG_WARN_QUOTED_INCLUDE_IN_FRAMEWORK_HEADER = YES;
				CLANG_WARN_RANGE_LOOP_ANALYSIS = YES;
				CLANG_WARN_STRICT_PROTOTYPES = YES;
				CLANG_WARN_SUSPICIOUS_MOVE = YES;
				CLANG_WARN_UNGUARDED_AVAILABILITY = YES_AGGRESSIVE;
				CLANG_WARN_UNREACHABLE_CODE = YES;
				CLANG_WARN__DUPLICATE_METHOD_MATCH = YES;
				COPY_PHASE_STRIP = NO;
				DEBUG_INFORMATION_FORMAT = "dwarf-with-dsym";
				ENABLE_NS_ASSERTIONS = NO;
				ENABLE_STRICT_OBJC_MSGSEND = YES;
				GCC_C_LANGUAGE_STANDARD = gnu11;
				GCC_NO_COMMON_BLOCKS = YES;
				GCC_WARN_64_TO_32_BIT_CONVERSION = YES;
				GCC_WARN_ABOUT_RETURN_TYPE = YES_ERROR;
				GCC_WARN_UNDECLARED_SELECTOR = YES;
				GCC_WARN_UNINITIALIZED_AUTOS = YES_AGGRESSIVE;
				GCC_WARN_UNUSED_FUNCTION = YES;
				GCC_WARN_UNUSED_VARIABLE = YES;
				IPHONEOS_DEPLOYMENT_TARGET = 15.5;
				MTL_ENABLE_DEBUG_INFO = NO;
				MTL_FAST_MATH = YES;
				SDKROOT = iphoneos;
				SWIFT_COMPILATION_MODE = wholemodule;
				SWIFT_OPTIMIZATION_LEVEL = "-O";
				VALIDATE_PRODUCT = YES;
			};
			name = Release;
		};
		F5C282A128B43EFF008B1007 /* Debug */ = {
			isa = XCBuildConfiguration;
			buildSettings = {
				ASSETCATALOG_COMPILER_APPICON_NAME = AppIcon;
				ASSETCATALOG_COMPILER_GLOBAL_ACCENT_COLOR_NAME = AccentColor;
				CODE_SIGN_STYLE = Automatic;
				CURRENT_PROJECT_VERSION = 1;
				DEVELOPMENT_TEAM = MS4H2UB2PV;
				GENERATE_INFOPLIST_FILE = YES;
				INFOPLIST_FILE = "Tip Calculator/Info.plist";
				INFOPLIST_KEY_UIApplicationSupportsIndirectInputEvents = YES;
				INFOPLIST_KEY_UILaunchStoryboardName = LaunchScreen;
				INFOPLIST_KEY_UIMainStoryboardFile = Main;
				INFOPLIST_KEY_UISupportedInterfaceOrientations_iPad = "UIInterfaceOrientationPortrait UIInterfaceOrientationPortraitUpsideDown UIInterfaceOrientationLandscapeLeft UIInterfaceOrientationLandscapeRight";
				INFOPLIST_KEY_UISupportedInterfaceOrientations_iPhone = "UIInterfaceOrientationPortrait UIInterfaceOrientationLandscapeLeft UIInterfaceOrientationLandscapeRight";
				LD_RUNPATH_SEARCH_PATHS = (
					"$(inherited)",
					"@executable_path/Frameworks",
				);
				MARKETING_VERSION = 1.0;
				PRODUCT_BUNDLE_IDENTIFIER = "com.omar.Tip-Calculator";
				PRODUCT_NAME = "$(TARGET_NAME)";
				SWIFT_EMIT_LOC_STRINGS = YES;
				SWIFT_VERSION = 5.0;
				TARGETED_DEVICE_FAMILY = "1,2";
			};
			name = Debug;
		};
		F5C282A228B43EFF008B1007 /* Release */ = {
			isa = XCBuildConfiguration;
			buildSettings = {
				ASSETCATALOG_COMPILER_APPICON_NAME = AppIcon;
				ASSETCATALOG_COMPILER_GLOBAL_ACCENT_COLOR_NAME = AccentColor;
				CODE_SIGN_STYLE = Automatic;
				CURRENT_PROJECT_VERSION = 1;
				DEVELOPMENT_TEAM = MS4H2UB2PV;
				GENERATE_INFOPLIST_FILE = YES;
				INFOPLIST_FILE = "Tip Calculator/Info.plist";
				INFOPLIST_KEY_UIApplicationSupportsIndirectInputEvents = YES;
				INFOPLIST_KEY_UILaunchStoryboardName = LaunchScreen;
				INFOPLIST_KEY_UIMainStoryboardFile = Main;
				INFOPLIST_KEY_UISupportedInterfaceOrientations_iPad = "UIInterfaceOrientationPortrait UIInterfaceOrientationPortraitUpsideDown UIInterfaceOrientationLandscapeLeft UIInterfaceOrientationLandscapeRight";
				INFOPLIST_KEY_UISupportedInterfaceOrientations_iPhone = "UIInterfaceOrientationPortrait UIInterfaceOrientationLandscapeLeft UIInterfaceOrientationLandscapeRight";
				LD_RUNPATH_SEARCH_PATHS = (
					"$(inherited)",
					"@executable_path/Frameworks",
				);
				MARKETING_VERSION = 1.0;
				PRODUCT_BUNDLE_IDENTIFIER = "com.omar.Tip-Calculator";
				PRODUCT_NAME = "$(TARGET_NAME)";
				SWIFT_EMIT_LOC_STRINGS = YES;
				SWIFT_VERSION = 5.0;
				TARGETED_DEVICE_FAMILY = "1,2";
			};
			name = Release;
		};
		F5C282A428B43EFF008B1007 /* Debug */ = {
			isa = XCBuildConfiguration;
			buildSettings = {
				ALWAYS_EMBED_SWIFT_STANDARD_LIBRARIES = YES;
				BUNDLE_LOADER = "$(TEST_HOST)";
				CODE_SIGN_STYLE = Automatic;
				CURRENT_PROJECT_VERSION = 1;
				DEVELOPMENT_TEAM = MS4H2UB2PV;
				GENERATE_INFOPLIST_FILE = YES;
				IPHONEOS_DEPLOYMENT_TARGET = 15.5;
				MARKETING_VERSION = 1.0;
				PRODUCT_BUNDLE_IDENTIFIER = "com.omar.Tip-CalculatorTests";
				PRODUCT_NAME = "$(TARGET_NAME)";
				SWIFT_EMIT_LOC_STRINGS = NO;
				SWIFT_VERSION = 5.0;
				TARGETED_DEVICE_FAMILY = "1,2";
				TEST_HOST = "$(BUILT_PRODUCTS_DIR)/Tip Calculator.app/Tip Calculator";
			};
			name = Debug;
		};
		F5C282A528B43EFF008B1007 /* Release */ = {
			isa = XCBuildConfiguration;
			buildSettings = {
				ALWAYS_EMBED_SWIFT_STANDARD_LIBRARIES = YES;
				BUNDLE_LOADER = "$(TEST_HOST)";
				CODE_SIGN_STYLE = Automatic;
				CURRENT_PROJECT_VERSION = 1;
				DEVELOPMENT_TEAM = MS4H2UB2PV;
				GENERATE_INFOPLIST_FILE = YES;
				IPHONEOS_DEPLOYMENT_TARGET = 15.5;
				MARKETING_VERSION = 1.0;
				PRODUCT_BUNDLE_IDENTIFIER = "com.omar.Tip-CalculatorTests";
				PRODUCT_NAME = "$(TARGET_NAME)";
				SWIFT_EMIT_LOC_STRINGS = NO;
				SWIFT_VERSION = 5.0;
				TARGETED_DEVICE_FAMILY = "1,2";
				TEST_HOST = "$(BUILT_PRODUCTS_DIR)/Tip Calculator.app/Tip Calculator";
			};
			name = Release;
		};
		F5C282A728B43EFF008B1007 /* Debug */ = {
			isa = XCBuildConfiguration;
			buildSettings = {
				ALWAYS_EMBED_SWIFT_STANDARD_LIBRARIES = YES;
				CODE_SIGN_STYLE = Automatic;
				CURRENT_PROJECT_VERSION = 1;
				DEVELOPMENT_TEAM = MS4H2UB2PV;
				GENERATE_INFOPLIST_FILE = YES;
				MARKETING_VERSION = 1.0;
				PRODUCT_BUNDLE_IDENTIFIER = "com.omar.Tip-CalculatorUITests";
				PRODUCT_NAME = "$(TARGET_NAME)";
				SWIFT_EMIT_LOC_STRINGS = NO;
				SWIFT_VERSION = 5.0;
				TARGETED_DEVICE_FAMILY = "1,2";
				TEST_TARGET_NAME = "Tip Calculator";
			};
			name = Debug;
		};
		F5C282A828B43EFF008B1007 /* Release */ = {
			isa = XCBuildConfiguration;
			buildSettings = {
				ALWAYS_EMBED_SWIFT_STANDARD_LIBRARIES = YES;
				CODE_SIGN_STYLE = Automatic;
				CURRENT_PROJECT_VERSION = 1;
				DEVELOPMENT_TEAM = MS4H2UB2PV;
				GENERATE_INFOPLIST_FILE = YES;
				MARKETING_VERSION = 1.0;
				PRODUCT_BUNDLE_IDENTIFIER = "com.omar.Tip-CalculatorUITests";
				PRODUCT_NAME = "$(TARGET_NAME)";
				SWIFT_EMIT_LOC_STRINGS = NO;
				SWIFT_VERSION = 5.0;
				TARGETED_DEVICE_FAMILY = "1,2";
				TEST_TARGET_NAME = "Tip Calculator";
			};
			name = Release;
		};
/* End XCBuildConfiguration section */

/* Begin XCConfigurationList section */
		F5C2827128B43EF7008B1007 /* Build configuration list for PBXProject "Tip Calculator" */ = {
			isa = XCConfigurationList;
			buildConfigurations = (
				F5C2829E28B43EFF008B1007 /* Debug */,
				F5C2829F28B43EFF008B1007 /* Release */,
			);
			defaultConfigurationIsVisible = 0;
			defaultConfigurationName = Release;
		};
		F5C282A028B43EFF008B1007 /* Build configuration list for PBXNativeTarget "Tip Calculator" */ = {
			isa = XCConfigurationList;
			buildConfigurations = (
				F5C282A128B43EFF008B1007 /* Debug */,
				F5C282A228B43EFF008B1007 /* Release */,
			);
			defaultConfigurationIsVisible = 0;
			defaultConfigurationName = Release;
		};
		F5C282A328B43EFF008B1007 /* Build configuration list for PBXNativeTarget "Tip CalculatorTests" */ = {
			isa = XCConfigurationList;
			buildConfigurations = (
				F5C282A428B43EFF008B1007 /* Debug */,
				F5C282A528B43EFF008B1007 /* Release */,
			);
			defaultConfigurationIsVisible = 0;
			defaultConfigurationName = Release;
		};
		F5C282A628B43EFF008B1007 /* Build configuration list for PBXNativeTarget "Tip CalculatorUITests" */ = {
			isa = XCConfigurationList;
			buildConfigurations = (
				F5C282A728B43EFF008B1007 /* Debug */,
				F5C282A828B43EFF008B1007 /* Release */,
			);
			defaultConfigurationIsVisible = 0;
			defaultConfigurationName = Release;
		};
/* End XCConfigurationList section */
	};
	rootObject = F5C2826E28B43EF7008B1007 /* Project object */;
}
